github.com/skinass/telegram-bot-api/v5 v5.0.3 h1:2H8KcRqODIj8xeGdyOI7/NRZ9ivF93LJNC7ZW5Tr4Jw=
github.com/skinass/telegram-bot-api/v5 v5.0.3/go.mod h1:2sTSETje4fVCf6OUMOerSmFlwPWB0Zuphrx/teBrcok=
golang.org/x/exp v0.0.0-20230212135524-a684f29349b6 h1:Ic9KukPQ7PegFzHckNiMTQXGgEszA7mY2Fn4ZMtnMbw=
golang.org/x/exp v0.0.0-20230212135524-a684f29349b6/go.mod h1:CxIveKay+FTh1D0yPZemJVgC/95VzuuOLq5Qi4xnoYc=
